
Microsoft Visual Studio Solution File, Format Version 12.00
# Visual Studio Version 16
VisualStudioVersion = 25.0.1706.7
MinimumVisualStudioVersion = 10.0.40219.1
Project("{FAE04EC0-301F-11D3-BF4B-00C04F79EFBC}") = "Function CoffeeShop", "Function CoffeeShop\Function CoffeeShop.csproj", "{C746FB44-54BE-4F49-A469-50B08E84C33A}"
EndProject
Global
	GlobalSection(SolutionConfigurationPlatforms) = preSolution
		Debug|Any CPU = Debug|Any CPU
		Release|Any CPU = Release|Any CPU
	EndGlobalSection
	GlobalSection(ProjectConfigurationPlatforms) = postSolution
		{C746FB44-54BE-4F49-A469-50B08E84C33A}.Debug|Any CPU.ActiveCfg = Debug|Any CPU
		{C746FB44-54BE-4F49-A469-50B08E84C33A}.Debug|Any CPU.Build.0 = Debug|Any CPU
		{C746FB44-54BE-4F49-A469-50B08E84C33A}.Release|Any CPU.ActiveCfg = Release|Any CPU
		{C746FB44-54BE-4F49-A469-50B08E84C33A}.Release|Any CPU.Build.0 = Release|Any CPU
	EndGlobalSection
	GlobalSection(SolutionProperties) = preSolution
		HideSolutionNode = FALSE
	EndGlobalSection
	GlobalSection(ExtensibilityGlobals) = postSolution
		SolutionGuid = {EEAF05D9-5156-4D43-9AF4-361F3717FFE9}
	EndGlobalSection
EndGlobal
